
Microsoft Visual Studio Solution File, Format Version 12.00
# Visual Studio Version 17
VisualStudioVersion = 17.5.33516.290
MinimumVisualStudioVersion = 10.0.40219.1
Project("{FAE04EC0-301F-11D3-BF4B-00C04F79EFBC}") = "Bai06", "Bai06\Bai06.csproj", "{6307E5F9-E3A5-418F-916F-9F31F11B3FAA}"
EndProject
Global
	GlobalSection(SolutionConfigurationPlatforms) = preSolution
		Debug|Any CPU = Debug|Any CPU
		Release|Any CPU = Release|Any CPU
	EndGlobalSection
	GlobalSection(ProjectConfigurationPlatforms) = postSolution
		{6307E5F9-E3A5-418F-916F-9F31F11B3FAA}.Debug|Any CPU.ActiveCfg = Debug|Any CPU
		{6307E5F9-E3A5-418F-916F-9F31F11B3FAA}.Debug|Any CPU.Build.0 = Debug|Any CPU
		{6307E5F9-E3A5-418F-916F-9F31F11B3FAA}.Release|Any CPU.ActiveCfg = Release|Any CPU
		{6307E5F9-E3A5-418F-916F-9F31F11B3FAA}.Release|Any CPU.Build.0 = Release|Any CPU
	EndGlobalSection
	GlobalSection(SolutionProperties) = preSolution
		HideSolutionNode = FALSE
	EndGlobalSection
	GlobalSection(ExtensibilityGlobals) = postSolution
		SolutionGuid = {53F25423-78C4-486C-9246-51BDF9D3C7EB}
	EndGlobalSection
EndGlobal
