
Microsoft Visual Studio Solution File, Format Version 12.00
# Visual Studio Version 17
VisualStudioVersion = 17.5.33516.290
MinimumVisualStudioVersion = 10.0.40219.1
Project("{FAE04EC0-301F-11D3-BF4B-00C04F79EFBC}") = "Login", "Login\Login.csproj", "{EE53B062-8F73-4A55-88DB-B3F544BEC019}"
EndProject
Global
	GlobalSection(SolutionConfigurationPlatforms) = preSolution
		Debug|Any CPU = Debug|Any CPU
		Release|Any CPU = Release|Any CPU
	EndGlobalSection
	GlobalSection(ProjectConfigurationPlatforms) = postSolution
		{EE53B062-8F73-4A55-88DB-B3F544BEC019}.Debug|Any CPU.ActiveCfg = Debug|Any CPU
		{EE53B062-8F73-4A55-88DB-B3F544BEC019}.Debug|Any CPU.Build.0 = Debug|Any CPU
		{EE53B062-8F73-4A55-88DB-B3F544BEC019}.Release|Any CPU.ActiveCfg = Release|Any CPU
		{EE53B062-8F73-4A55-88DB-B3F544BEC019}.Release|Any CPU.Build.0 = Release|Any CPU
	EndGlobalSection
	GlobalSection(SolutionProperties) = preSolution
		HideSolutionNode = FALSE
	EndGlobalSection
	GlobalSection(ExtensibilityGlobals) = postSolution
		SolutionGuid = {6338CFEB-87BA-4F01-BF0D-385127AD8C26}
	EndGlobalSection
EndGlobal
